// !$*UTF8*$!
{
	archiveVersion = 1;
	classes = {
	};
	objectVersion = 50;
	objects = {

/* Begin PBXBuildFile section */
		A5EF932C21755672002E1CC2 /* AppDelegate.swift in Sources */ = {isa = PBXBuildFile; fileRef = A5EF932B21755672002E1CC2 /* AppDelegate.swift */; };
		A5EF932E21755672002E1CC2 /* ViewController.swift in Sources */ = {isa = PBXBuildFile; fileRef = A5EF932D21755672002E1CC2 /* ViewController.swift */; };
		A5EF933121755672002E1CC2 /* Main.storyboard in Resources */ = {isa = PBXBuildFile; fileRef = A5EF932F21755672002E1CC2 /* Main.storyboard */; };
		A5EF933421755672002E1CC2 /* W08_Tejasree_Vangapalli.xcdatamodeld in Sources */ = {isa = PBXBuildFile; fileRef = A5EF933221755672002E1CC2 /* W08_Tejasree_Vangapalli.xcdatamodeld */; };
		A5EF933621755674002E1CC2 /* Assets.xcassets in Resources */ = {isa = PBXBuildFile; fileRef = A5EF933521755674002E1CC2 /* Assets.xcassets */; };
		A5EF933921755674002E1CC2 /* LaunchScreen.storyboard in Resources */ = {isa = PBXBuildFile; fileRef = A5EF933721755674002E1CC2 /* LaunchScreen.storyboard */; };
/* End PBXBuildFile section */

/* Begin PBXFileReference section */
		A5EF932821755672002E1CC2 /* W08_Tejasree_Vangapalli.app */ = {isa = PBXFileReference; explicitFileType = wrapper.application; includeInIndex = 0; path = W08_Tejasree_Vangapalli.app; sourceTree = BUILT_PRODUCTS_DIR; };
		A5EF932B21755672002E1CC2 /* AppDelegate.swift */ = {isa = PBXFileReference; lastKnownFileType = sourcecode.swift; path = AppDelegate.swift; sourceTree = "<group>"; };
		A5EF932D21755672002E1CC2 /* ViewController.swift */ = {isa = PBXFileReference; lastKnownFileType = sourcecode.swift; path = ViewController.swift; sourceTree = "<group>"; };
		A5EF933021755672002E1CC2 /* Base */ = {isa = PBXFileReference; lastKnownFileType = file.storyboard; name = Base; path = Base.lproj/Main.storyboard; sourceTree = "<group>"; };
		A5EF933321755672002E1CC2 /* W08_Tejasree_Vangapalli.xcdatamodel */ = {isa = PBXFileReference; lastKnownFileType = wrapper.xcdatamodel; path = W08_Tejasree_Vangapalli.xcdatamodel; sourceTree = "<group>"; };
		A5EF933521755674002E1CC2 /* Assets.xcassets */ = {isa = PBXFileReference; lastKnownFileType = folder.assetcatalog; path = Assets.xcassets; sourceTree = "<group>"; };
		A5EF933821755674002E1CC2 /* Base */ = {isa = PBXFileReference; lastKnownFileType = file.storyboard; name = Base; path = Base.lproj/LaunchScreen.storyboard; sourceTree = "<group>"; };
		A5EF933A21755674002E1CC2 /* Info.plist */ = {isa = PBXFileReference; lastKnownFileType = text.plist.xml; path = Info.plist; sourceTree = "<group>"; };
/* End PBXFileReference section */

/* Begin PBXFrameworksBuildPhase section */
		A5EF932521755672002E1CC2 /* Frameworks */ = {
			isa = PBXFrameworksBuildPhase;
			buildActionMask = 2147483647;
			files = (
			);
			runOnlyForDeploymentPostprocessing = 0;
		};
/* End PBXFrameworksBuildPhase section */

/* Begin PBXGroup section */
		A5EF931F21755672002E1CC2 = {
			isa = PBXGroup;
			children = (
				A5EF932A21755672002E1CC2 /* W08_Tejasree_Vangapalli */,
				A5EF932921755672002E1CC2 /* Products */,
			);
			sourceTree = "<group>";
		};
		A5EF932921755672002E1CC2 /* Products */ = {
			isa = PBXGroup;
			children = (
				A5EF932821755672002E1CC2 /* W08_Tejasree_Vangapalli.app */,
			);
			name = Products;
			sourceTree = "<group>";
		};
		A5EF932A21755672002E1CC2 /* W08_Tejasree_Vangapalli */ = {
			isa = PBXGroup;
			children = (
				A5EF932B21755672002E1CC2 /* AppDelegate.swift */,
				A5EF932D21755672002E1CC2 /* ViewController.swift */,
				A5EF932F21755672002E1CC2 /* Main.storyboard */,
				A5EF933521755674002E1CC2 /* Assets.xcassets */,
				A5EF933721755674002E1CC2 /* LaunchScreen.storyboard */,
				A5EF933A21755674002E1CC2 /* Info.plist */,
				A5EF933221755672002E1CC2 /* W08_Tejasree_Vangapalli.xcdatamodeld */,
			);
			path = W08_Tejasree_Vangapalli;
			sourceTree = "<group>";
		};
/* End PBXGroup section */

/* Begin PBXNativeTarget section */
		A5EF932721755672002E1CC2 /* W08_Tejasree_Vangapalli */ = {
			isa = PBXNativeTarget;
			buildConfigurationList = A5EF933D21755674002E1CC2 /* Build configuration list for PBXNativeTarget "W08_Tejasree_Vangapalli" */;
			buildPhases = (
				A5EF932421755672002E1CC2 /* Sources */,
				A5EF932521755672002E1CC2 /* Frameworks */,
				A5EF932621755672002E1CC2 /* Resources */,
			);
			buildRules = (
			);
			dependencies = (
			);
			name = W08_Tejasree_Vangapalli;
			productName = W08_Tejasree_Vangapalli;
			productReference = A5EF932821755672002E1CC2 /* W08_Tejasree_Vangapalli.app */;
			productType = "com.apple.product-type.application";
		};
/* End PBXNativeTarget section */

/* Begin PBXProject section */
		A5EF932021755672002E1CC2 /* Project object */ = {
			isa = PBXProject;
			attributes = {
				LastSwiftUpdateCheck = 1000;
				LastUpgradeCheck = 1000;
				ORGANIZATIONNAME = "OSU App Center";
				TargetAttributes = {
					A5EF932721755672002E1CC2 = {
						CreatedOnToolsVersion = 10.0;
					};
				};
			};
			buildConfigurationList = A5EF932321755672002E1CC2 /* Build configuration list for PBXProject "W08_Tejasree_Vangapalli" */;
			compatibilityVersion = "Xcode 9.3";
			developmentRegion = en;
			hasScannedForEncodings = 0;
			knownRegions = (
				en,
				Base,
			);
			mainGroup = A5EF931F21755672002E1CC2;
			productRefGroup = A5EF932921755672002E1CC2 /* Products */;
			projectDirPath = "";
			projectRoot = "";
			targets = (
				A5EF932721755672002E1CC2 /* W08_Tejasree_Vangapalli */,
			);
		};
/* End PBXProject section */

/* Begin PBXResourcesBuildPhase section */
		A5EF932621755672002E1CC2 /* Resources */ = {
			isa = PBXResourcesBuildPhase;
			buildActionMask = 2147483647;
			files = (
				A5EF933921755674002E1CC2 /* LaunchScreen.storyboard in Resources */,
				A5EF933621755674002E1CC2 /* Assets.xcassets in Resources */,
				A5EF933121755672002E1CC2 /* Main.storyboard in Resources */,
			);
			runOnlyForDeploymentPostprocessing = 0;
		};
/* End PBXResourcesBuildPhase section */

/* Begin PBXSourcesBuildPhase section */
		A5EF932421755672002E1CC2 /* Sources */ = {
			isa = PBXSourcesBuildPhase;
			buildActionMask = 2147483647;
			files = (
				A5EF932E21755672002E1CC2 /* ViewController.swift in Sources */,
				A5EF932C21755672002E1CC2 /* AppDelegate.swift in Sources */,
				A5EF933421755672002E1CC2 /* W08_Tejasree_Vangapalli.xcdatamodeld in Sources */,
			);
			runOnlyForDeploymentPostprocessing = 0;
		};
/* End PBXSourcesBuildPhase section */

/* Begin PBXVariantGroup section */
		A5EF932F21755672002E1CC2 /* Main.storyboard */ = {
			isa = PBXVariantGroup;
			children = (
				A5EF933021755672002E1CC2 /* Base */,
			);
			name = Main.storyboard;
			sourceTree = "<group>";
		};
		A5EF933721755674002E1CC2 /* LaunchScreen.storyboard */ = {
			isa = PBXVariantGroup;
			children = (
				A5EF933821755674002E1CC2 /* Base */,
			);
			name = LaunchScreen.storyboard;
			sourceTree = "<group>";
		};
/* End PBXVariantGroup section */

/* Begin XCBuildConfiguration section */
		A5EF933B21755674002E1CC2 /* Debug */ = {
			isa = XCBuildConfiguration;
			buildSettings = {
				ALWAYS_SEARCH_USER_PATHS = NO;
				CLANG_ANALYZER_NONNULL = YES;
				CLANG_ANALYZER_NUMBER_OBJECT_CONVERSION = YES_AGGRESSIVE;
				CLANG_CXX_LANGUAGE_STANDARD = "gnu++14";
				CLANG_CXX_LIBRARY = "libc++";
				CLANG_ENABLE_MODULES = YES;
				CLANG_ENABLE_OBJC_ARC = YES;
				CLANG_ENABLE_OBJC_WEAK = YES;
				CLANG_WARN_BLOCK_CAPTURE_AUTORELEASING = YES;
				CLANG_WARN_BOOL_CONVERSION = YES;
				CLANG_WARN_COMMA = YES;
				CLANG_WARN_CONSTANT_CONVERSION = YES;
				CLANG_WARN_DEPRECATED_OBJC_IMPLEMENTATIONS = YES;
				CLANG_WARN_DIRECT_OBJC_ISA_USAGE = YES_ERROR;
				CLANG_WARN_DOCUMENTATION_COMMENTS = YES;
				CLANG_WARN_EMPTY_BODY = YES;
				CLANG_WARN_ENUM_CONVERSION = YES;
				CLANG_WARN_INFINITE_RECURSION = YES;
				CLANG_WARN_INT_CONVERSION = YES;
				CLANG_WARN_NON_LITERAL_NULL_CONVERSION = YES;
				CLANG_WARN_OBJC_IMPLICIT_RETAIN_SELF = YES;
				CLANG_WARN_OBJC_LITERAL_CONVERSION = YES;
				CLANG_WARN_OBJC_ROOT_CLASS = YES_ERROR;
				CLANG_WARN_RANGE_LOOP_ANALYSIS = YES;
				CLANG_WARN_STRICT_PROTOTYPES = YES;
				CLANG_WARN_SUSPICIOUS_MOVE = YES;
				CLANG_WARN_UNGUARDED_AVAILABILITY = YES_AGGRESSIVE;
				CLANG_WARN_UNREACHABLE_CODE = YES;
				CLANG_WARN__DUPLICATE_METHOD_MATCH = YES;
				CODE_SIGN_IDENTITY = "iPhone Developer";
				COPY_PHASE_STRIP = NO;
				DEBUG_INFORMATION_FORMAT = dwarf;
				ENABLE_STRICT_OBJC_MSGSEND = YES;
				ENABLE_TESTABILITY = YES;
				GCC_C_LANGUAGE_STANDARD = gnu11;
				GCC_DYNAMIC_NO_PIC = NO;
				GCC_NO_COMMON_BLOCKS = YES;
				GCC_OPTIMIZATION_LEVEL = 0;
				GCC_PREPROCESSOR_DEFINITIONS = (
					"DEBUG=1",
					"$(inherited)",
				);
				GCC_WARN_64_TO_32_BIT_CONVERSION = YES;
				GCC_WARN_ABOUT_RETURN_TYPE = YES_ERROR;
				GCC_WARN_UNDECLARED_SELECTOR = YES;
				GCC_WARN_UNINITIALIZED_AUTOS = YES_AGGRESSIVE;
				GCC_WARN_UNUSED_FUNCTION = YES;
				GCC_WARN_UNUSED_VARIABLE = YES;
				IPHONEOS_DEPLOYMENT_TARGET = 12.0;
				MTL_ENABLE_DEBUG_INFO = INCLUDE_SOURCE;
				MTL_FAST_MATH = YES;
				ONLY_ACTIVE_ARCH = YES;
				SDKROOT = iphoneos;
				SWIFT_ACTIVE_COMPILATION_CONDITIONS = DEBUG;
				SWIFT_OPTIMIZATION_LEVEL = "-Onone";
			};
			name = Debug;
		};
		A5EF933C21755674002E1CC2 /* Release */ = {
			isa = XCBuildConfiguration;
			buildSettings = {
				ALWAYS_SEARCH_USER_PATHS = NO;
				CLANG_ANALYZER_NONNULL = YES;
				CLANG_ANALYZER_NUMBER_OBJECT_CONVERSION = YES_AGGRESSIVE;
				CLANG_CXX_LANGUAGE_STANDARD = "gnu++14";
				CLANG_CXX_LIBRARY = "libc++";
				CLANG_ENABLE_MODULES = YES;
				CLANG_ENABLE_OBJC_ARC = YES;
				CLANG_ENABLE_OBJC_WEAK = YES;
				CLANG_WARN_BLOCK_CAPTURE_AUTORELEASING = YES;
				CLANG_WARN_BOOL_CONVERSION = YES;
				CLANG_WARN_COMMA = YES;
				CLANG_WARN_CONSTANT_CONVERSION = YES;
				CLANG_WARN_DEPRECATED_OBJC_IMPLEMENTATIONS = YES;
				CLANG_WARN_DIRECT_OBJC_ISA_USAGE = YES_ERROR;
				CLANG_WARN_DOCUMENTATION_COMMENTS = YES;
				CLANG_WARN_EMPTY_BODY = YES;
				CLANG_WARN_ENUM_CONVERSION = YES;
				CLANG_WARN_INFINITE_RECURSION = YES;
				CLANG_WARN_INT_CONVERSION = YES;
				CLANG_WARN_NON_LITERAL_NULL_CONVERSION = YES;
				CLANG_WARN_OBJC_IMPLICIT_RETAIN_SELF = YES;
				CLANG_WARN_OBJC_LITERAL_CONVERSION = YES;
				CLANG_WARN_OBJC_ROOT_CLASS = YES_ERROR;
				CLANG_WARN_RANGE_LOOP_ANALYSIS = YES;
				CLANG_WARN_STRICT_PROTOTYPES = YES;
				CLANG_WARN_SUSPICIOUS_MOVE = YES;
				CLANG_WARN_UNGUARDED_AVAILABILITY = YES_AGGRESSIVE;
				CLANG_WARN_UNREACHABLE_CODE = YES;
				CLANG_WARN__DUPLICATE_METHOD_MATCH = YES;
				CODE_SIGN_IDENTITY = "iPhone Developer";
				COPY_PHASE_STRIP = NO;
				DEBUG_INFORMATION_FORMAT = "dwarf-with-dsym";
				ENABLE_NS_ASSERTIONS = NO;
				ENABLE_STRICT_OBJC_MSGSEND = YES;
				GCC_C_LANGUAGE_STANDARD = gnu11;
				GCC_NO_COMMON_BLOCKS = YES;
				GCC_WARN_64_TO_32_BIT_CONVERSION = YES;
				GCC_WARN_ABOUT_RETURN_TYPE = YES_ERROR;
				GCC_WARN_UNDECLARED_SELECTOR = YES;
				GCC_WARN_UNINITIALIZED_AUTOS = YES_AGGRESSIVE;
				GCC_WARN_UNUSED_FUNCTION = YES;
				GCC_WARN_UNUSED_VARIABLE = YES;
				IPHONEOS_DEPLOYMENT_TARGET = 12.0;
				MTL_ENABLE_DEBUG_INFO = NO;
				MTL_FAST_MATH = YES;
				SDKROOT = iphoneos;
				SWIFT_COMPILATION_MODE = wholemodule;
				SWIFT_OPTIMIZATION_LEVEL = "-O";
				VALIDATE_PRODUCT = YES;
			};
			name = Release;
		};
		A5EF933E21755674002E1CC2 /* Debug */ = {
			isa = XCBuildConfiguration;
			buildSettings = {
				ASSETCATALOG_COMPILER_APPICON_NAME = AppIcon;
				CODE_SIGN_STYLE = Automatic;
				DEVELOPMENT_TEAM = F9Q487JGXU;
				INFOPLIST_FILE = W08_Tejasree_Vangapalli/Info.plist;
				LD_RUNPATH_SEARCH_PATHS = (
					"$(inherited)",
					"@executable_path/Frameworks",
				);
				PRODUCT_BUNDLE_IDENTIFIER = "tejasree.vangapalli.W08-Tejasree-Vangapalli";
				PRODUCT_NAME = "$(TARGET_NAME)";
				SWIFT_VERSION = 4.2;
				TARGETED_DEVICE_FAMILY = "1,2";
			};
			name = Debug;
		};
		A5EF933F21755674002E1CC2 /* Release */ = {
			isa = XCBuildConfiguration;
			buildSettings = {
				ASSETCATALOG_COMPILER_APPICON_NAME = AppIcon;
				CODE_SIGN_STYLE = Automatic;
				DEVELOPMENT_TEAM = F9Q487JGXU;
				INFOPLIST_FILE = W08_Tejasree_Vangapalli/Info.plist;
				LD_RUNPATH_SEARCH_PATHS = (
					"$(inherited)",
					"@executable_path/Frameworks",
				);
				PRODUCT_BUNDLE_IDENTIFIER = "tejasree.vangapalli.W08-Tejasree-Vangapalli";
				PRODUCT_NAME = "$(TARGET_NAME)";
				SWIFT_VERSION = 4.2;
				TARGETED_DEVICE_FAMILY = "1,2";
			};
			name = Release;
		};
/* End XCBuildConfiguration section */

/* Begin XCConfigurationList section */
		A5EF932321755672002E1CC2 /* Build configuration list for PBXProject "W08_Tejasree_Vangapalli" */ = {
			isa = XCConfigurationList;
			buildConfigurations = (
				A5EF933B21755674002E1CC2 /* Debug */,
				A5EF933C21755674002E1CC2 /* Release */,
			);
			defaultConfigurationIsVisible = 0;
			defaultConfigurationName = Release;
		};
		A5EF933D21755674002E1CC2 /* Build configuration list for PBXNativeTarget "W08_Tejasree_Vangapalli" */ = {
			isa = XCConfigurationList;
			buildConfigurations = (
				A5EF933E21755674002E1CC2 /* Debug */,
				A5EF933F21755674002E1CC2 /* Release */,
			);
			defaultConfigurationIsVisible = 0;
			defaultConfigurationName = Release;
		};
/* End XCConfigurationList section */

/* Begin XCVersionGroup section */
		A5EF933221755672002E1CC2 /* W08_Tejasree_Vangapalli.xcdatamodeld */ = {
			isa = XCVersionGroup;
			children = (
				A5EF933321755672002E1CC2 /* W08_Tejasree_Vangapalli.xcdatamodel */,
			);
			currentVersion = A5EF933321755672002E1CC2 /* W08_Tejasree_Vangapalli.xcdatamodel */;
			path = W08_Tejasree_Vangapalli.xcdatamodeld;
			sourceTree = "<group>";
			versionGroupType = wrapper.xcdatamodel;
		};
/* End XCVersionGroup section */
	};
	rootObject = A5EF932021755672002E1CC2 /* Project object */;
}
